// !$*UTF8*$!
{
	archiveVersion = 1;
	classes = {
	};
	objectVersion = 50;
	objects = {

/* Begin PBXBuildFile section */
		CE6E9D2D24D80058002C91E9 /* AddFeedbackViewController.m in Sources */ = {isa = PBXBuildFile; fileRef = CE6E9D2324D80058002C91E9 /* AddFeedbackViewController.m */; };
		CE6E9D2E24D80058002C91E9 /* AddFeedbackModel.m in Sources */ = {isa = PBXBuildFile; fileRef = CE6E9D2524D80058002C91E9 /* AddFeedbackModel.m */; };
		CE6E9D2F24D80058002C91E9 /* ChildFeedbackModel.m in Sources */ = {isa = PBXBuildFile; fileRef = CE6E9D2624D80058002C91E9 /* ChildFeedbackModel.m */; };
		CE6E9D3024D80058002C91E9 /* AddFeedbackTableViewCell.xib in Resources */ = {isa = PBXBuildFile; fileRef = CE6E9D2B24D80058002C91E9 /* AddFeedbackTableViewCell.xib */; };
		CE6E9D3124D80058002C91E9 /* AddFeedbackTableViewCell.m in Sources */ = {isa = PBXBuildFile; fileRef = CE6E9D2C24D80058002C91E9 /* AddFeedbackTableViewCell.m */; };
		CEA36D9F25553EB400C89CB2 /* MainViewController.m in Sources */ = {isa = PBXBuildFile; fileRef = CEA36D9E25553EB400C89CB2 /* MainViewController.m */; };
		CEA36DA5255540C400C89CB2 /* MultipleSellectViewController.m in Sources */ = {isa = PBXBuildFile; fileRef = CEA36DA4255540C400C89CB2 /* MultipleSellectViewController.m */; };
		CEEA441B24D3EC81008E4375 /* AppDelegate.m in Sources */ = {isa = PBXBuildFile; fileRef = CEEA441A24D3EC81008E4375 /* AppDelegate.m */; };
		CEEA442424D3EC82008E4375 /* Main.storyboard in Resources */ = {isa = PBXBuildFile; fileRef = CEEA442224D3EC82008E4375 /* Main.storyboard */; };
		CEEA442624D3EC86008E4375 /* Assets.xcassets in Resources */ = {isa = PBXBuildFile; fileRef = CEEA442524D3EC86008E4375 /* Assets.xcassets */; };
		CEEA442924D3EC86008E4375 /* LaunchScreen.storyboard in Resources */ = {isa = PBXBuildFile; fileRef = CEEA442724D3EC86008E4375 /* LaunchScreen.storyboard */; };
		CEEA442C24D3EC86008E4375 /* main.m in Sources */ = {isa = PBXBuildFile; fileRef = CEEA442B24D3EC86008E4375 /* main.m */; };
		CEEA445924D3EF1D008E4375 /* MJPropertyType.m in Sources */ = {isa = PBXBuildFile; fileRef = CEEA444524D3EF1D008E4375 /* MJPropertyType.m */; };
		CEEA445A24D3EF1D008E4375 /* NSObject+MJKeyValue.m in Sources */ = {isa = PBXBuildFile; fileRef = CEEA444824D3EF1D008E4375 /* NSObject+MJKeyValue.m */; };
		CEEA445B24D3EF1D008E4375 /* MJProperty.m in Sources */ = {isa = PBXBuildFile; fileRef = CEEA444924D3EF1D008E4375 /* MJProperty.m */; };
		CEEA445C24D3EF1D008E4375 /* NSObject+MJCoding.m in Sources */ = {isa = PBXBuildFile; fileRef = CEEA444B24D3EF1D008E4375 /* NSObject+MJCoding.m */; };
		CEEA445D24D3EF1D008E4375 /* MJExtensionConst.m in Sources */ = {isa = PBXBuildFile; fileRef = CEEA444D24D3EF1D008E4375 /* MJExtensionConst.m */; };
		CEEA445E24D3EF1D008E4375 /* NSObject+MJProperty.m in Sources */ = {isa = PBXBuildFile; fileRef = CEEA444E24D3EF1D008E4375 /* NSObject+MJProperty.m */; };
		CEEA445F24D3EF1D008E4375 /* NSObject+MJClass.m in Sources */ = {isa = PBXBuildFile; fileRef = CEEA445024D3EF1D008E4375 /* NSObject+MJClass.m */; };
		CEEA446024D3EF1D008E4375 /* NSString+MJExtension.m in Sources */ = {isa = PBXBuildFile; fileRef = CEEA445124D3EF1D008E4375 /* NSString+MJExtension.m */; };
		CEEA446124D3EF1D008E4375 /* MJPropertyKey.m in Sources */ = {isa = PBXBuildFile; fileRef = CEEA445224D3EF1D008E4375 /* MJPropertyKey.m */; };
		CEEA446224D3EF1D008E4375 /* MJFoundation.m in Sources */ = {isa = PBXBuildFile; fileRef = CEEA445624D3EF1D008E4375 /* MJFoundation.m */; };
		CEEA446324D3EF1D008E4375 /* LICENSE in Resources */ = {isa = PBXBuildFile; fileRef = CEEA445724D3EF1D008E4375 /* LICENSE */; };
		CEEA446424D3EF1D008E4375 /* README.md in Resources */ = {isa = PBXBuildFile; fileRef = CEEA445824D3EF1D008E4375 /* README.md */; };
/* End PBXBuildFile section */

/* Begin PBXFileReference section */
		CE6E9D2224D80058002C91E9 /* AddFeedbackViewController.h */ = {isa = PBXFileReference; fileEncoding = 4; lastKnownFileType = sourcecode.c.h; path = AddFeedbackViewController.h; sourceTree = "<group>"; };
		CE6E9D2324D80058002C91E9 /* AddFeedbackViewController.m */ = {isa = PBXFileReference; fileEncoding = 4; lastKnownFileType = sourcecode.c.objc; path = AddFeedbackViewController.m; sourceTree = "<group>"; };
		CE6E9D2524D80058002C91E9 /* AddFeedbackModel.m */ = {isa = PBXFileReference; fileEncoding = 4; lastKnownFileType = sourcecode.c.objc; path = AddFeedbackModel.m; sourceTree = "<group>"; };
		CE6E9D2624D80058002C91E9 /* ChildFeedbackModel.m */ = {isa = PBXFileReference; fileEncoding = 4; lastKnownFileType = sourcecode.c.objc; path = ChildFeedbackModel.m; sourceTree = "<group>"; };
		CE6E9D2724D80058002C91E9 /* AddFeedbackModel.h */ = {isa = PBXFileReference; fileEncoding = 4; lastKnownFileType = sourcecode.c.h; path = AddFeedbackModel.h; sourceTree = "<group>"; };
		CE6E9D2824D80058002C91E9 /* ChildFeedbackModel.h */ = {isa = PBXFileReference; fileEncoding = 4; lastKnownFileType = sourcecode.c.h; path = ChildFeedbackModel.h; sourceTree = "<group>"; };
		CE6E9D2A24D80058002C91E9 /* AddFeedbackTableViewCell.h */ = {isa = PBXFileReference; fileEncoding = 4; lastKnownFileType = sourcecode.c.h; path = AddFeedbackTableViewCell.h; sourceTree = "<group>"; };
		CE6E9D2B24D80058002C91E9 /* AddFeedbackTableViewCell.xib */ = {isa = PBXFileReference; fileEncoding = 4; lastKnownFileType = file.xib; path = AddFeedbackTableViewCell.xib; sourceTree = "<group>"; };
		CE6E9D2C24D80058002C91E9 /* AddFeedbackTableViewCell.m */ = {isa = PBXFileReference; fileEncoding = 4; lastKnownFileType = sourcecode.c.objc; path = AddFeedbackTableViewCell.m; sourceTree = "<group>"; };
		CEA36D9D25553EB400C89CB2 /* MainViewController.h */ = {isa = PBXFileReference; lastKnownFileType = sourcecode.c.h; path = MainViewController.h; sourceTree = "<group>"; };
		CEA36D9E25553EB400C89CB2 /* MainViewController.m */ = {isa = PBXFileReference; lastKnownFileType = sourcecode.c.objc; path = MainViewController.m; sourceTree = "<group>"; };
		CEA36DA125553F0800C89CB2 /* PrefixHeader.pch */ = {isa = PBXFileReference; lastKnownFileType = sourcecode.c.h; path = PrefixHeader.pch; sourceTree = "<group>"; };
		CEA36DA3255540C400C89CB2 /* MultipleSellectViewController.h */ = {isa = PBXFileReference; lastKnownFileType = sourcecode.c.h; path = MultipleSellectViewController.h; sourceTree = "<group>"; };
		CEA36DA4255540C400C89CB2 /* MultipleSellectViewController.m */ = {isa = PBXFileReference; lastKnownFileType = sourcecode.c.objc; path = MultipleSellectViewController.m; sourceTree = "<group>"; };
		CEEA441624D3EC81008E4375 /* TableViewSelectExpand.app */ = {isa = PBXFileReference; explicitFileType = wrapper.application; includeInIndex = 0; path = TableViewSelectExpand.app; sourceTree = BUILT_PRODUCTS_DIR; };
		CEEA441924D3EC81008E4375 /* AppDelegate.h */ = {isa = PBXFileReference; lastKnownFileType = sourcecode.c.h; path = AppDelegate.h; sourceTree = "<group>"; };
		CEEA441A24D3EC81008E4375 /* AppDelegate.m */ = {isa = PBXFileReference; lastKnownFileType = sourcecode.c.objc; path = AppDelegate.m; sourceTree = "<group>"; };
		CEEA442324D3EC82008E4375 /* Base */ = {isa = PBXFileReference; lastKnownFileType = file.storyboard; name = Base; path = Base.lproj/Main.storyboard; sourceTree = "<group>"; };
		CEEA442524D3EC86008E4375 /* Assets.xcassets */ = {isa = PBXFileReference; lastKnownFileType = folder.assetcatalog; path = Assets.xcassets; sourceTree = "<group>"; };
		CEEA442824D3EC86008E4375 /* Base */ = {isa = PBXFileReference; lastKnownFileType = file.storyboard; name = Base; path = Base.lproj/LaunchScreen.storyboard; sourceTree = "<group>"; };
		CEEA442A24D3EC86008E4375 /* Info.plist */ = {isa = PBXFileReference; lastKnownFileType = text.plist.xml; path = Info.plist; sourceTree = "<group>"; };
		CEEA442B24D3EC86008E4375 /* main.m */ = {isa = PBXFileReference; lastKnownFileType = sourcecode.c.objc; path = main.m; sourceTree = "<group>"; };
		CEEA444224D3EF1D008E4375 /* MJPropertyKey.h */ = {isa = PBXFileReference; fileEncoding = 4; lastKnownFileType = sourcecode.c.h; path = MJPropertyKey.h; sourceTree = "<group>"; };
		CEEA444324D3EF1D008E4375 /* NSObject+MJClass.h */ = {isa = PBXFileReference; fileEncoding = 4; lastKnownFileType = sourcecode.c.h; path = "NSObject+MJClass.h"; sourceTree = "<group>"; };
		CEEA444424D3EF1D008E4375 /* NSString+MJExtension.h */ = {isa = PBXFileReference; fileEncoding = 4; lastKnownFileType = sourcecode.c.h; path = "NSString+MJExtension.h"; sourceTree = "<group>"; };
		CEEA444524D3EF1D008E4375 /* MJPropertyType.m */ = {isa = PBXFileReference; fileEncoding = 4; lastKnownFileType = sourcecode.c.objc; path = MJPropertyType.m; sourceTree = "<group>"; };
		CEEA444624D3EF1D008E4375 /* NSObject+MJProperty.h */ = {isa = PBXFileReference; fileEncoding = 4; lastKnownFileType = sourcecode.c.h; path = "NSObject+MJProperty.h"; sourceTree = "<group>"; };
		CEEA444724D3EF1D008E4375 /* MJExtensionConst.h */ = {isa = PBXFileReference; fileEncoding = 4; lastKnownFileType = sourcecode.c.h; path = MJExtensionConst.h; sourceTree = "<group>"; };
		CEEA444824D3EF1D008E4375 /* NSObject+MJKeyValue.m */ = {isa = PBXFileReference; fileEncoding = 4; lastKnownFileType = sourcecode.c.objc; path = "NSObject+MJKeyValue.m"; sourceTree = "<group>"; };
		CEEA444924D3EF1D008E4375 /* MJProperty.m */ = {isa = PBXFileReference; fileEncoding = 4; lastKnownFileType = sourcecode.c.objc; path = MJProperty.m; sourceTree = "<group>"; };
		CEEA444A24D3EF1D008E4375 /* MJFoundation.h */ = {isa = PBXFileReference; fileEncoding = 4; lastKnownFileType = sourcecode.c.h; path = MJFoundation.h; sourceTree = "<group>"; };
		CEEA444B24D3EF1D008E4375 /* NSObject+MJCoding.m */ = {isa = PBXFileReference; fileEncoding = 4; lastKnownFileType = sourcecode.c.objc; path = "NSObject+MJCoding.m"; sourceTree = "<group>"; };
		CEEA444C24D3EF1D008E4375 /* MJExtension.h */ = {isa = PBXFileReference; fileEncoding = 4; lastKnownFileType = sourcecode.c.h; path = MJExtension.h; sourceTree = "<group>"; };
		CEEA444D24D3EF1D008E4375 /* MJExtensionConst.m */ = {isa = PBXFileReference; fileEncoding = 4; lastKnownFileType = sourcecode.c.objc; path = MJExtensionConst.m; sourceTree = "<group>"; };
		CEEA444E24D3EF1D008E4375 /* NSObject+MJProperty.m */ = {isa = PBXFileReference; fileEncoding = 4; lastKnownFileType = sourcecode.c.objc; path = "NSObject+MJProperty.m"; sourceTree = "<group>"; };
		CEEA444F24D3EF1D008E4375 /* MJPropertyType.h */ = {isa = PBXFileReference; fileEncoding = 4; lastKnownFileType = sourcecode.c.h; path = MJPropertyType.h; sourceTree = "<group>"; };
		CEEA445024D3EF1D008E4375 /* NSObject+MJClass.m */ = {isa = PBXFileReference; fileEncoding = 4; lastKnownFileType = sourcecode.c.objc; path = "NSObject+MJClass.m"; sourceTree = "<group>"; };
		CEEA445124D3EF1D008E4375 /* NSString+MJExtension.m */ = {isa = PBXFileReference; fileEncoding = 4; lastKnownFileType = sourcecode.c.objc; path = "NSString+MJExtension.m"; sourceTree = "<group>"; };
		CEEA445224D3EF1D008E4375 /* MJPropertyKey.m */ = {isa = PBXFileReference; fileEncoding = 4; lastKnownFileType = sourcecode.c.objc; path = MJPropertyKey.m; sourceTree = "<group>"; };
		CEEA445324D3EF1D008E4375 /* MJProperty.h */ = {isa = PBXFileReference; fileEncoding = 4; lastKnownFileType = sourcecode.c.h; path = MJProperty.h; sourceTree = "<group>"; };
		CEEA445424D3EF1D008E4375 /* NSObject+MJKeyValue.h */ = {isa = PBXFileReference; fileEncoding = 4; lastKnownFileType = sourcecode.c.h; path = "NSObject+MJKeyValue.h"; sourceTree = "<group>"; };
		CEEA445524D3EF1D008E4375 /* NSObject+MJCoding.h */ = {isa = PBXFileReference; fileEncoding = 4; lastKnownFileType = sourcecode.c.h; path = "NSObject+MJCoding.h"; sourceTree = "<group>"; };
		CEEA445624D3EF1D008E4375 /* MJFoundation.m */ = {isa = PBXFileReference; fileEncoding = 4; lastKnownFileType = sourcecode.c.objc; path = MJFoundation.m; sourceTree = "<group>"; };
		CEEA445724D3EF1D008E4375 /* LICENSE */ = {isa = PBXFileReference; fileEncoding = 4; lastKnownFileType = text; path = LICENSE; sourceTree = "<group>"; };
		CEEA445824D3EF1D008E4375 /* README.md */ = {isa = PBXFileReference; fileEncoding = 4; lastKnownFileType = net.daringfireball.markdown; path = README.md; sourceTree = "<group>"; };
/* End PBXFileReference section */

/* Begin PBXFrameworksBuildPhase section */
		CEEA441324D3EC81008E4375 /* Frameworks */ = {
			isa = PBXFrameworksBuildPhase;
			buildActionMask = 2147483647;
			files = (
			);
			runOnlyForDeploymentPostprocessing = 0;
		};
/* End PBXFrameworksBuildPhase section */

/* Begin PBXGroup section */
		CE6E9D2024D80058002C91E9 /* 单选与多选 */ = {
			isa = PBXGroup;
			children = (
				CE6E9D2124D80058002C91E9 /* Controller */,
				CE6E9D2424D80058002C91E9 /* Model */,
				CE6E9D2924D80058002C91E9 /* View */,
			);
			path = "单选与多选";
			sourceTree = "<group>";
		};
		CE6E9D2124D80058002C91E9 /* Controller */ = {
			isa = PBXGroup;
			children = (
				CE6E9D2224D80058002C91E9 /* AddFeedbackViewController.h */,
				CE6E9D2324D80058002C91E9 /* AddFeedbackViewController.m */,
				CEA36DA3255540C400C89CB2 /* MultipleSellectViewController.h */,
				CEA36DA4255540C400C89CB2 /* MultipleSellectViewController.m */,
			);
			path = Controller;
			sourceTree = "<group>";
		};
		CE6E9D2424D80058002C91E9 /* Model */ = {
			isa = PBXGroup;
			children = (
				CE6E9D2524D80058002C91E9 /* AddFeedbackModel.m */,
				CE6E9D2624D80058002C91E9 /* ChildFeedbackModel.m */,
				CE6E9D2724D80058002C91E9 /* AddFeedbackModel.h */,
				CE6E9D2824D80058002C91E9 /* ChildFeedbackModel.h */,
			);
			path = Model;
			sourceTree = "<group>";
		};
		CE6E9D2924D80058002C91E9 /* View */ = {
			isa = PBXGroup;
			children = (
				CE6E9D2A24D80058002C91E9 /* AddFeedbackTableViewCell.h */,
				CE6E9D2B24D80058002C91E9 /* AddFeedbackTableViewCell.xib */,
				CE6E9D2C24D80058002C91E9 /* AddFeedbackTableViewCell.m */,
			);
			path = View;
			sourceTree = "<group>";
		};
		CEEA440D24D3EC81008E4375 = {
			isa = PBXGroup;
			children = (
				CEEA441824D3EC81008E4375 /* TableViewSelectExpand */,
				CEEA441724D3EC81008E4375 /* Products */,
			);
			sourceTree = "<group>";
		};
		CEEA441724D3EC81008E4375 /* Products */ = {
			isa = PBXGroup;
			children = (
				CEEA441624D3EC81008E4375 /* TableViewSelectExpand.app */,
			);
			name = Products;
			sourceTree = "<group>";
		};
		CEEA441824D3EC81008E4375 /* TableViewSelectExpand */ = {
			isa = PBXGroup;
			children = (
				CEEA441924D3EC81008E4375 /* AppDelegate.h */,
				CEEA441A24D3EC81008E4375 /* AppDelegate.m */,
				CEA36D9D25553EB400C89CB2 /* MainViewController.h */,
				CEA36D9E25553EB400C89CB2 /* MainViewController.m */,
				CEA36DA125553F0800C89CB2 /* PrefixHeader.pch */,
				CE6E9D2024D80058002C91E9 /* 单选与多选 */,
				CEEA442524D3EC86008E4375 /* Assets.xcassets */,
				CEEA442A24D3EC86008E4375 /* Info.plist */,
				CEEA442724D3EC86008E4375 /* LaunchScreen.storyboard */,
				CEEA442B24D3EC86008E4375 /* main.m */,
				CEEA442224D3EC82008E4375 /* Main.storyboard */,
				CEEA444024D3EF1D008E4375 /* MJExtension */,
			);
			path = TableViewSelectExpand;
			sourceTree = "<group>";
		};
		CEEA444024D3EF1D008E4375 /* MJExtension */ = {
			isa = PBXGroup;
			children = (
				CEEA444124D3EF1D008E4375 /* MJExtension */,
				CEEA445724D3EF1D008E4375 /* LICENSE */,
				CEEA445824D3EF1D008E4375 /* README.md */,
			);
			path = MJExtension;
			sourceTree = "<group>";
		};
		CEEA444124D3EF1D008E4375 /* MJExtension */ = {
			isa = PBXGroup;
			children = (
				CEEA444224D3EF1D008E4375 /* MJPropertyKey.h */,
				CEEA444324D3EF1D008E4375 /* NSObject+MJClass.h */,
				CEEA444424D3EF1D008E4375 /* NSString+MJExtension.h */,
				CEEA444524D3EF1D008E4375 /* MJPropertyType.m */,
				CEEA444624D3EF1D008E4375 /* NSObject+MJProperty.h */,
				CEEA444724D3EF1D008E4375 /* MJExtensionConst.h */,
				CEEA444824D3EF1D008E4375 /* NSObject+MJKeyValue.m */,
				CEEA444924D3EF1D008E4375 /* MJProperty.m */,
				CEEA444A24D3EF1D008E4375 /* MJFoundation.h */,
				CEEA444B24D3EF1D008E4375 /* NSObject+MJCoding.m */,
				CEEA444C24D3EF1D008E4375 /* MJExtension.h */,
				CEEA444D24D3EF1D008E4375 /* MJExtensionConst.m */,
				CEEA444E24D3EF1D008E4375 /* NSObject+MJProperty.m */,
				CEEA444F24D3EF1D008E4375 /* MJPropertyType.h */,
				CEEA445024D3EF1D008E4375 /* NSObject+MJClass.m */,
				CEEA445124D3EF1D008E4375 /* NSString+MJExtension.m */,
				CEEA445224D3EF1D008E4375 /* MJPropertyKey.m */,
				CEEA445324D3EF1D008E4375 /* MJProperty.h */,
				CEEA445424D3EF1D008E4375 /* NSObject+MJKeyValue.h */,
				CEEA445524D3EF1D008E4375 /* NSObject+MJCoding.h */,
				CEEA445624D3EF1D008E4375 /* MJFoundation.m */,
			);
			path = MJExtension;
			sourceTree = "<group>";
		};
/* End PBXGroup section */

/* Begin PBXNativeTarget section */
		CEEA441524D3EC81008E4375 /* TableViewSelectExpand */ = {
			isa = PBXNativeTarget;
			buildConfigurationList = CEEA442F24D3EC86008E4375 /* Build configuration list for PBXNativeTarget "TableViewSelectExpand" */;
			buildPhases = (
				CEEA441224D3EC81008E4375 /* Sources */,
				CEEA441324D3EC81008E4375 /* Frameworks */,
				CEEA441424D3EC81008E4375 /* Resources */,
			);
			buildRules = (
			);
			dependencies = (
			);
			name = TableViewSelectExpand;
			productName = TableViewSelectExpand;
			productReference = CEEA441624D3EC81008E4375 /* TableViewSelectExpand.app */;
			productType = "com.apple.product-type.application";
		};
/* End PBXNativeTarget section */

/* Begin PBXProject section */
		CEEA440E24D3EC81008E4375 /* Project object */ = {
			isa = PBXProject;
			attributes = {
				LastUpgradeCheck = 1160;
				ORGANIZATIONNAME = khj;
				TargetAttributes = {
					CEEA441524D3EC81008E4375 = {
						CreatedOnToolsVersion = 11.6;
					};
				};
			};
			buildConfigurationList = CEEA441124D3EC81008E4375 /* Build configuration list for PBXProject "TableViewSelectExpand" */;
			compatibilityVersion = "Xcode 9.3";
			developmentRegion = en;
			hasScannedForEncodings = 0;
			knownRegions = (
				en,
				Base,
			);
			mainGroup = CEEA440D24D3EC81008E4375;
			productRefGroup = CEEA441724D3EC81008E4375 /* Products */;
			projectDirPath = "";
			projectRoot = "";
			targets = (
				CEEA441524D3EC81008E4375 /* TableViewSelectExpand */,
			);
		};
/* End PBXProject section */

/* Begin PBXResourcesBuildPhase section */
		CEEA441424D3EC81008E4375 /* Resources */ = {
			isa = PBXResourcesBuildPhase;
			buildActionMask = 2147483647;
			files = (
				CEEA446424D3EF1D008E4375 /* README.md in Resources */,
				CEEA442924D3EC86008E4375 /* LaunchScreen.storyboard in Resources */,
				CEEA442624D3EC86008E4375 /* Assets.xcassets in Resources */,
				CEEA442424D3EC82008E4375 /* Main.storyboard in Resources */,
				CE6E9D3024D80058002C91E9 /* AddFeedbackTableViewCell.xib in Resources */,
				CEEA446324D3EF1D008E4375 /* LICENSE in Resources */,
			);
			runOnlyForDeploymentPostprocessing = 0;
		};
/* End PBXResourcesBuildPhase section */

/* Begin PBXSourcesBuildPhase section */
		CEEA441224D3EC81008E4375 /* Sources */ = {
			isa = PBXSourcesBuildPhase;
			buildActionMask = 2147483647;
			files = (
				CEEA445924D3EF1D008E4375 /* MJPropertyType.m in Sources */,
				CEEA445B24D3EF1D008E4375 /* MJProperty.m in Sources */,
				CEEA445E24D3EF1D008E4375 /* NSObject+MJProperty.m in Sources */,
				CEEA445F24D3EF1D008E4375 /* NSObject+MJClass.m in Sources */,
				CEEA445D24D3EF1D008E4375 /* MJExtensionConst.m in Sources */,
				CEEA446024D3EF1D008E4375 /* NSString+MJExtension.m in Sources */,
				CE6E9D3124D80058002C91E9 /* AddFeedbackTableViewCell.m in Sources */,
				CEA36DA5255540C400C89CB2 /* MultipleSellectViewController.m in Sources */,
				CEA36D9F25553EB400C89CB2 /* MainViewController.m in Sources */,
				CEEA445A24D3EF1D008E4375 /* NSObject+MJKeyValue.m in Sources */,
				CE6E9D2F24D80058002C91E9 /* ChildFeedbackModel.m in Sources */,
				CEEA445C24D3EF1D008E4375 /* NSObject+MJCoding.m in Sources */,
				CE6E9D2E24D80058002C91E9 /* AddFeedbackModel.m in Sources */,
				CEEA441B24D3EC81008E4375 /* AppDelegate.m in Sources */,
				CEEA442C24D3EC86008E4375 /* main.m in Sources */,
				CEEA446124D3EF1D008E4375 /* MJPropertyKey.m in Sources */,
				CE6E9D2D24D80058002C91E9 /* AddFeedbackViewController.m in Sources */,
				CEEA446224D3EF1D008E4375 /* MJFoundation.m in Sources */,
			);
			runOnlyForDeploymentPostprocessing = 0;
		};
/* End PBXSourcesBuildPhase section */

/* Begin PBXVariantGroup section */
		CEEA442224D3EC82008E4375 /* Main.storyboard */ = {
			isa = PBXVariantGroup;
			children = (
				CEEA442324D3EC82008E4375 /* Base */,
			);
			name = Main.storyboard;
			sourceTree = "<group>";
		};
		CEEA442724D3EC86008E4375 /* LaunchScreen.storyboard */ = {
			isa = PBXVariantGroup;
			children = (
				CEEA442824D3EC86008E4375 /* Base */,
			);
			name = LaunchScreen.storyboard;
			sourceTree = "<group>";
		};
/* End PBXVariantGroup section */

/* Begin XCBuildConfiguration section */
		CEEA442D24D3EC86008E4375 /* Debug */ = {
			isa = XCBuildConfiguration;
			buildSettings = {
				ALWAYS_SEARCH_USER_PATHS = NO;
				CLANG_ANALYZER_NONNULL = YES;
				CLANG_ANALYZER_NUMBER_OBJECT_CONVERSION = YES_AGGRESSIVE;
				CLANG_CXX_LANGUAGE_STANDARD = "gnu++14";
				CLANG_CXX_LIBRARY = "libc++";
				CLANG_ENABLE_MODULES = YES;
				CLANG_ENABLE_OBJC_ARC = YES;
				CLANG_ENABLE_OBJC_WEAK = YES;
				CLANG_WARN_BLOCK_CAPTURE_AUTORELEASING = YES;
				CLANG_WARN_BOOL_CONVERSION = YES;
				CLANG_WARN_COMMA = YES;
				CLANG_WARN_CONSTANT_CONVERSION = YES;
				CLANG_WARN_DEPRECATED_OBJC_IMPLEMENTATIONS = YES;
				CLANG_WARN_DIRECT_OBJC_ISA_USAGE = YES_ERROR;
				CLANG_WARN_DOCUMENTATION_COMMENTS = YES;
				CLANG_WARN_EMPTY_BODY = YES;
				CLANG_WARN_ENUM_CONVERSION = YES;
				CLANG_WARN_INFINITE_RECURSION = YES;
				CLANG_WARN_INT_CONVERSION = YES;
				CLANG_WARN_NON_LITERAL_NULL_CONVERSION = YES;
				CLANG_WARN_OBJC_IMPLICIT_RETAIN_SELF = YES;
				CLANG_WARN_OBJC_LITERAL_CONVERSION = YES;
				CLANG_WARN_OBJC_ROOT_CLASS = YES_ERROR;
				CLANG_WARN_RANGE_LOOP_ANALYSIS = YES;
				CLANG_WARN_STRICT_PROTOTYPES = YES;
				CLANG_WARN_SUSPICIOUS_MOVE = YES;
				CLANG_WARN_UNGUARDED_AVAILABILITY = YES_AGGRESSIVE;
				CLANG_WARN_UNREACHABLE_CODE = YES;
				CLANG_WARN__DUPLICATE_METHOD_MATCH = YES;
				COPY_PHASE_STRIP = NO;
				DEBUG_INFORMATION_FORMAT = dwarf;
				ENABLE_STRICT_OBJC_MSGSEND = YES;
				ENABLE_TESTABILITY = YES;
				GCC_C_LANGUAGE_STANDARD = gnu11;
				GCC_DYNAMIC_NO_PIC = NO;
				GCC_NO_COMMON_BLOCKS = YES;
				GCC_OPTIMIZATION_LEVEL = 0;
				GCC_PREPROCESSOR_DEFINITIONS = (
					"DEBUG=1",
					"$(inherited)",
				);
				GCC_WARN_64_TO_32_BIT_CONVERSION = YES;
				GCC_WARN_ABOUT_RETURN_TYPE = YES_ERROR;
				GCC_WARN_UNDECLARED_SELECTOR = YES;
				GCC_WARN_UNINITIALIZED_AUTOS = YES_AGGRESSIVE;
				GCC_WARN_UNUSED_FUNCTION = YES;
				GCC_WARN_UNUSED_VARIABLE = YES;
				IPHONEOS_DEPLOYMENT_TARGET = 13.6;
				MTL_ENABLE_DEBUG_INFO = INCLUDE_SOURCE;
				MTL_FAST_MATH = YES;
				ONLY_ACTIVE_ARCH = YES;
				SDKROOT = iphoneos;
			};
			name = Debug;
		};
		CEEA442E24D3EC86008E4375 /* Release */ = {
			isa = XCBuildConfiguration;
			buildSettings = {
				ALWAYS_SEARCH_USER_PATHS = NO;
				CLANG_ANALYZER_NONNULL = YES;
				CLANG_ANALYZER_NUMBER_OBJECT_CONVERSION = YES_AGGRESSIVE;
				CLANG_CXX_LANGUAGE_STANDARD = "gnu++14";
				CLANG_CXX_LIBRARY = "libc++";
				CLANG_ENABLE_MODULES = YES;
				CLANG_ENABLE_OBJC_ARC = YES;
				CLANG_ENABLE_OBJC_WEAK = YES;
				CLANG_WARN_BLOCK_CAPTURE_AUTORELEASING = YES;
				CLANG_WARN_BOOL_CONVERSION = YES;
				CLANG_WARN_COMMA = YES;
				CLANG_WARN_CONSTANT_CONVERSION = YES;
				CLANG_WARN_DEPRECATED_OBJC_IMPLEMENTATIONS = YES;
				CLANG_WARN_DIRECT_OBJC_ISA_USAGE = YES_ERROR;
				CLANG_WARN_DOCUMENTATION_COMMENTS = YES;
				CLANG_WARN_EMPTY_BODY = YES;
				CLANG_WARN_ENUM_CONVERSION = YES;
				CLANG_WARN_INFINITE_RECURSION = YES;
				CLANG_WARN_INT_CONVERSION = YES;
				CLANG_WARN_NON_LITERAL_NULL_CONVERSION = YES;
				CLANG_WARN_OBJC_IMPLICIT_RETAIN_SELF = YES;
				CLANG_WARN_OBJC_LITERAL_CONVERSION = YES;
				CLANG_WARN_OBJC_ROOT_CLASS = YES_ERROR;
				CLANG_WARN_RANGE_LOOP_ANALYSIS = YES;
				CLANG_WARN_STRICT_PROTOTYPES = YES;
				CLANG_WARN_SUSPICIOUS_MOVE = YES;
				CLANG_WARN_UNGUARDED_AVAILABILITY = YES_AGGRESSIVE;
				CLANG_WARN_UNREACHABLE_CODE = YES;
				CLANG_WARN__DUPLICATE_METHOD_MATCH = YES;
				COPY_PHASE_STRIP = NO;
				DEBUG_INFORMATION_FORMAT = "dwarf-with-dsym";
				ENABLE_NS_ASSERTIONS = NO;
				ENABLE_STRICT_OBJC_MSGSEND = YES;
				GCC_C_LANGUAGE_STANDARD = gnu11;
				GCC_NO_COMMON_BLOCKS = YES;
				GCC_WARN_64_TO_32_BIT_CONVERSION = YES;
				GCC_WARN_ABOUT_RETURN_TYPE = YES_ERROR;
				GCC_WARN_UNDECLARED_SELECTOR = YES;
				GCC_WARN_UNINITIALIZED_AUTOS = YES_AGGRESSIVE;
				GCC_WARN_UNUSED_FUNCTION = YES;
				GCC_WARN_UNUSED_VARIABLE = YES;
				IPHONEOS_DEPLOYMENT_TARGET = 13.6;
				MTL_ENABLE_DEBUG_INFO = NO;
				MTL_FAST_MATH = YES;
				SDKROOT = iphoneos;
				VALIDATE_PRODUCT = YES;
			};
			name = Release;
		};
		CEEA443024D3EC86008E4375 /* Debug */ = {
			isa = XCBuildConfiguration;
			buildSettings = {
				ASSETCATALOG_COMPILER_APPICON_NAME = AppIcon;
				CODE_SIGN_STYLE = Automatic;
				DEVELOPMENT_TEAM = 42272S8D49;
				GCC_PREFIX_HEADER = "$(SRCROOT)/TableViewSelectExpand/PrefixHeader.pch";
				INFOPLIST_FILE = TableViewSelectExpand/Info.plist;
				LD_RUNPATH_SEARCH_PATHS = (
					"$(inherited)",
					"@executable_path/Frameworks",
				);
				PRODUCT_BUNDLE_IDENTIFIER = com.gclz.TableViewSelectExpand;
				PRODUCT_NAME = "$(TARGET_NAME)";
				TARGETED_DEVICE_FAMILY = "1,2";
			};
			name = Debug;
		};
		CEEA443124D3EC86008E4375 /* Release */ = {
			isa = XCBuildConfiguration;
			buildSettings = {
				ASSETCATALOG_COMPILER_APPICON_NAME = AppIcon;
				CODE_SIGN_STYLE = Automatic;
				DEVELOPMENT_TEAM = 42272S8D49;
				GCC_PREFIX_HEADER = "$(SRCROOT)/TableViewSelectExpand/PrefixHeader.pch";
				INFOPLIST_FILE = TableViewSelectExpand/Info.plist;
				LD_RUNPATH_SEARCH_PATHS = (
					"$(inherited)",
					"@executable_path/Frameworks",
				);
				PRODUCT_BUNDLE_IDENTIFIER = com.gclz.TableViewSelectExpand;
				PRODUCT_NAME = "$(TARGET_NAME)";
				TARGETED_DEVICE_FAMILY = "1,2";
			};
			name = Release;
		};
/* End XCBuildConfiguration section */

/* Begin XCConfigurationList section */
		CEEA441124D3EC81008E4375 /* Build configuration list for PBXProject "TableViewSelectExpand" */ = {
			isa = XCConfigurationList;
			buildConfigurations = (
				CEEA442D24D3EC86008E4375 /* Debug */,
				CEEA442E24D3EC86008E4375 /* Release */,
			);
			defaultConfigurationIsVisible = 0;
			defaultConfigurationName = Release;
		};
		CEEA442F24D3EC86008E4375 /* Build configuration list for PBXNativeTarget "TableViewSelectExpand" */ = {
			isa = XCConfigurationList;
			buildConfigurations = (
				CEEA443024D3EC86008E4375 /* Debug */,
				CEEA443124D3EC86008E4375 /* Release */,
			);
			defaultConfigurationIsVisible = 0;
			defaultConfigurationName = Release;
		};
/* End XCConfigurationList section */
	};
	rootObject = CEEA440E24D3EC81008E4375 /* Project object */;
}
