// !$*UTF8*$!
{
	archiveVersion = 1;
	classes = {
	};
	objectVersion = 50;
	objects = {

/* Begin PBXBuildFile section */
		CEEA441B24D3EC81008E4375 /* AppDelegate.m in Sources */ = {isa = PBXBuildFile; fileRef = CEEA441A24D3EC81008E4375 /* AppDelegate.m */; };
		CEEA441E24D3EC81008E4375 /* SceneDelegate.m in Sources */ = {isa = PBXBuildFile; fileRef = CEEA441D24D3EC81008E4375 /* SceneDelegate.m */; };
		CEEA442124D3EC82008E4375 /* ViewController.m in Sources */ = {isa = PBXBuildFile; fileRef = CEEA442024D3EC82008E4375 /* ViewController.m */; };
		CEEA442424D3EC82008E4375 /* Main.storyboard in Resources */ = {isa = PBXBuildFile; fileRef = CEEA442224D3EC82008E4375 /* Main.storyboard */; };
		CEEA442624D3EC86008E4375 /* Assets.xcassets in Resources */ = {isa = PBXBuildFile; fileRef = CEEA442524D3EC86008E4375 /* Assets.xcassets */; };
		CEEA442924D3EC86008E4375 /* LaunchScreen.storyboard in Resources */ = {isa = PBXBuildFile; fileRef = CEEA442724D3EC86008E4375 /* LaunchScreen.storyboard */; };
		CEEA442C24D3EC86008E4375 /* main.m in Sources */ = {isa = PBXBuildFile; fileRef = CEEA442B24D3EC86008E4375 /* main.m */; };
/* End PBXBuildFile section */

/* Begin PBXFileReference section */
		CEEA441624D3EC81008E4375 /* TableViewSelectExpand.app */ = {isa = PBXFileReference; explicitFileType = wrapper.application; includeInIndex = 0; path = TableViewSelectExpand.app; sourceTree = BUILT_PRODUCTS_DIR; };
		CEEA441924D3EC81008E4375 /* AppDelegate.h */ = {isa = PBXFileReference; lastKnownFileType = sourcecode.c.h; path = AppDelegate.h; sourceTree = "<group>"; };
		CEEA441A24D3EC81008E4375 /* AppDelegate.m */ = {isa = PBXFileReference; lastKnownFileType = sourcecode.c.objc; path = AppDelegate.m; sourceTree = "<group>"; };
		CEEA441C24D3EC81008E4375 /* SceneDelegate.h */ = {isa = PBXFileReference; lastKnownFileType = sourcecode.c.h; path = SceneDelegate.h; sourceTree = "<group>"; };
		CEEA441D24D3EC81008E4375 /* SceneDelegate.m */ = {isa = PBXFileReference; lastKnownFileType = sourcecode.c.objc; path = SceneDelegate.m; sourceTree = "<group>"; };
		CEEA441F24D3EC81008E4375 /* ViewController.h */ = {isa = PBXFileReference; lastKnownFileType = sourcecode.c.h; path = ViewController.h; sourceTree = "<group>"; };
		CEEA442024D3EC82008E4375 /* ViewController.m */ = {isa = PBXFileReference; lastKnownFileType = sourcecode.c.objc; path = ViewController.m; sourceTree = "<group>"; };
		CEEA442324D3EC82008E4375 /* Base */ = {isa = PBXFileReference; lastKnownFileType = file.storyboard; name = Base; path = Base.lproj/Main.storyboard; sourceTree = "<group>"; };
		CEEA442524D3EC86008E4375 /* Assets.xcassets */ = {isa = PBXFileReference; lastKnownFileType = folder.assetcatalog; path = Assets.xcassets; sourceTree = "<group>"; };
		CEEA442824D3EC86008E4375 /* Base */ = {isa = PBXFileReference; lastKnownFileType = file.storyboard; name = Base; path = Base.lproj/LaunchScreen.storyboard; sourceTree = "<group>"; };
		CEEA442A24D3EC86008E4375 /* Info.plist */ = {isa = PBXFileReference; lastKnownFileType = text.plist.xml; path = Info.plist; sourceTree = "<group>"; };
		CEEA442B24D3EC86008E4375 /* main.m */ = {isa = PBXFileReference; lastKnownFileType = sourcecode.c.objc; path = main.m; sourceTree = "<group>"; };
/* End PBXFileReference section */

/* Begin PBXFrameworksBuildPhase section */
		CEEA441324D3EC81008E4375 /* Frameworks */ = {
			isa = PBXFrameworksBuildPhase;
			buildActionMask = 2147483647;
			files = (
			);
			runOnlyForDeploymentPostprocessing = 0;
		};
/* End PBXFrameworksBuildPhase section */

/* Begin PBXGroup section */
		CEEA440D24D3EC81008E4375 = {
			isa = PBXGroup;
			children = (
				CEEA441824D3EC81008E4375 /* TableViewSelectExpand */,
				CEEA441724D3EC81008E4375 /* Products */,
			);
			sourceTree = "<group>";
		};
		CEEA441724D3EC81008E4375 /* Products */ = {
			isa = PBXGroup;
			children = (
				CEEA441624D3EC81008E4375 /* TableViewSelectExpand.app */,
			);
			name = Products;
			sourceTree = "<group>";
		};
		CEEA441824D3EC81008E4375 /* TableViewSelectExpand */ = {
			isa = PBXGroup;
			children = (
				CEEA441924D3EC81008E4375 /* AppDelegate.h */,
				CEEA441A24D3EC81008E4375 /* AppDelegate.m */,
				CEEA441C24D3EC81008E4375 /* SceneDelegate.h */,
				CEEA441D24D3EC81008E4375 /* SceneDelegate.m */,
				CEEA441F24D3EC81008E4375 /* ViewController.h */,
				CEEA442024D3EC82008E4375 /* ViewController.m */,
				CEEA442224D3EC82008E4375 /* Main.storyboard */,
				CEEA442524D3EC86008E4375 /* Assets.xcassets */,
				CEEA442724D3EC86008E4375 /* LaunchScreen.storyboard */,
				CEEA442A24D3EC86008E4375 /* Info.plist */,
				CEEA442B24D3EC86008E4375 /* main.m */,
			);
			path = TableViewSelectExpand;
			sourceTree = "<group>";
		};
/* End PBXGroup section */

/* Begin PBXNativeTarget section */
		CEEA441524D3EC81008E4375 /* TableViewSelectExpand */ = {
			isa = PBXNativeTarget;
			buildConfigurationList = CEEA442F24D3EC86008E4375 /* Build configuration list for PBXNativeTarget "TableViewSelectExpand" */;
			buildPhases = (
				CEEA441224D3EC81008E4375 /* Sources */,
				CEEA441324D3EC81008E4375 /* Frameworks */,
				CEEA441424D3EC81008E4375 /* Resources */,
			);
			buildRules = (
			);
			dependencies = (
			);
			name = TableViewSelectExpand;
			productName = TableViewSelectExpand;
			productReference = CEEA441624D3EC81008E4375 /* TableViewSelectExpand.app */;
			productType = "com.apple.product-type.application";
		};
/* End PBXNativeTarget section */

/* Begin PBXProject section */
		CEEA440E24D3EC81008E4375 /* Project object */ = {
			isa = PBXProject;
			attributes = {
				LastUpgradeCheck = 1160;
				ORGANIZATIONNAME = khj;
				TargetAttributes = {
					CEEA441524D3EC81008E4375 = {
						CreatedOnToolsVersion = 11.6;
					};
				};
			};
			buildConfigurationList = CEEA441124D3EC81008E4375 /* Build configuration list for PBXProject "TableViewSelectExpand" */;
			compatibilityVersion = "Xcode 9.3";
			developmentRegion = en;
			hasScannedForEncodings = 0;
			knownRegions = (
				en,
				Base,
			);
			mainGroup = CEEA440D24D3EC81008E4375;
			productRefGroup = CEEA441724D3EC81008E4375 /* Products */;
			projectDirPath = "";
			projectRoot = "";
			targets = (
				CEEA441524D3EC81008E4375 /* TableViewSelectExpand */,
			);
		};
/* End PBXProject section */

/* Begin PBXResourcesBuildPhase section */
		CEEA441424D3EC81008E4375 /* Resources */ = {
			isa = PBXResourcesBuildPhase;
			buildActionMask = 2147483647;
			files = (
				CEEA442924D3EC86008E4375 /* LaunchScreen.storyboard in Resources */,
				CEEA442624D3EC86008E4375 /* Assets.xcassets in Resources */,
				CEEA442424D3EC82008E4375 /* Main.storyboard in Resources */,
			);
			runOnlyForDeploymentPostprocessing = 0;
		};
/* End PBXResourcesBuildPhase section */

/* Begin PBXSourcesBuildPhase section */
		CEEA441224D3EC81008E4375 /* Sources */ = {
			isa = PBXSourcesBuildPhase;
			buildActionMask = 2147483647;
			files = (
				CEEA442124D3EC82008E4375 /* ViewController.m in Sources */,
				CEEA441B24D3EC81008E4375 /* AppDelegate.m in Sources */,
				CEEA442C24D3EC86008E4375 /* main.m in Sources */,
				CEEA441E24D3EC81008E4375 /* SceneDelegate.m in Sources */,
			);
			runOnlyForDeploymentPostprocessing = 0;
		};
/* End PBXSourcesBuildPhase section */

/* Begin PBXVariantGroup section */
		CEEA442224D3EC82008E4375 /* Main.storyboard */ = {
			isa = PBXVariantGroup;
			children = (
				CEEA442324D3EC82008E4375 /* Base */,
			);
			name = Main.storyboard;
			sourceTree = "<group>";
		};
		CEEA442724D3EC86008E4375 /* LaunchScreen.storyboard */ = {
			isa = PBXVariantGroup;
			children = (
				CEEA442824D3EC86008E4375 /* Base */,
			);
			name = LaunchScreen.storyboard;
			sourceTree = "<group>";
		};
/* End PBXVariantGroup section */

/* Begin XCBuildConfiguration section */
		CEEA442D24D3EC86008E4375 /* Debug */ = {
			isa = XCBuildConfiguration;
			buildSettings = {
				ALWAYS_SEARCH_USER_PATHS = NO;
				CLANG_ANALYZER_NONNULL = YES;
				CLANG_ANALYZER_NUMBER_OBJECT_CONVERSION = YES_AGGRESSIVE;
				CLANG_CXX_LANGUAGE_STANDARD = "gnu++14";
				CLANG_CXX_LIBRARY = "libc++";
				CLANG_ENABLE_MODULES = YES;
				CLANG_ENABLE_OBJC_ARC = YES;
				CLANG_ENABLE_OBJC_WEAK = YES;
				CLANG_WARN_BLOCK_CAPTURE_AUTORELEASING = YES;
				CLANG_WARN_BOOL_CONVERSION = YES;
				CLANG_WARN_COMMA = YES;
				CLANG_WARN_CONSTANT_CONVERSION = YES;
				CLANG_WARN_DEPRECATED_OBJC_IMPLEMENTATIONS = YES;
				CLANG_WARN_DIRECT_OBJC_ISA_USAGE = YES_ERROR;
				CLANG_WARN_DOCUMENTATION_COMMENTS = YES;
				CLANG_WARN_EMPTY_BODY = YES;
				CLANG_WARN_ENUM_CONVERSION = YES;
				CLANG_WARN_INFINITE_RECURSION = YES;
				CLANG_WARN_INT_CONVERSION = YES;
				CLANG_WARN_NON_LITERAL_NULL_CONVERSION = YES;
				CLANG_WARN_OBJC_IMPLICIT_RETAIN_SELF = YES;
				CLANG_WARN_OBJC_LITERAL_CONVERSION = YES;
				CLANG_WARN_OBJC_ROOT_CLASS = YES_ERROR;
				CLANG_WARN_RANGE_LOOP_ANALYSIS = YES;
				CLANG_WARN_STRICT_PROTOTYPES = YES;
				CLANG_WARN_SUSPICIOUS_MOVE = YES;
				CLANG_WARN_UNGUARDED_AVAILABILITY = YES_AGGRESSIVE;
				CLANG_WARN_UNREACHABLE_CODE = YES;
				CLANG_WARN__DUPLICATE_METHOD_MATCH = YES;
				COPY_PHASE_STRIP = NO;
				DEBUG_INFORMATION_FORMAT = dwarf;
				ENABLE_STRICT_OBJC_MSGSEND = YES;
				ENABLE_TESTABILITY = YES;
				GCC_C_LANGUAGE_STANDARD = gnu11;
				GCC_DYNAMIC_NO_PIC = NO;
				GCC_NO_COMMON_BLOCKS = YES;
				GCC_OPTIMIZATION_LEVEL = 0;
				GCC_PREPROCESSOR_DEFINITIONS = (
					"DEBUG=1",
					"$(inherited)",
				);
				GCC_WARN_64_TO_32_BIT_CONVERSION = YES;
				GCC_WARN_ABOUT_RETURN_TYPE = YES_ERROR;
				GCC_WARN_UNDECLARED_SELECTOR = YES;
				GCC_WARN_UNINITIALIZED_AUTOS = YES_AGGRESSIVE;
				GCC_WARN_UNUSED_FUNCTION = YES;
				GCC_WARN_UNUSED_VARIABLE = YES;
				IPHONEOS_DEPLOYMENT_TARGET = 13.6;
				MTL_ENABLE_DEBUG_INFO = INCLUDE_SOURCE;
				MTL_FAST_MATH = YES;
				ONLY_ACTIVE_ARCH = YES;
				SDKROOT = iphoneos;
			};
			name = Debug;
		};
		CEEA442E24D3EC86008E4375 /* Release */ = {
			isa = XCBuildConfiguration;
			buildSettings = {
				ALWAYS_SEARCH_USER_PATHS = NO;
				CLANG_ANALYZER_NONNULL = YES;
				CLANG_ANALYZER_NUMBER_OBJECT_CONVERSION = YES_AGGRESSIVE;
				CLANG_CXX_LANGUAGE_STANDARD = "gnu++14";
				CLANG_CXX_LIBRARY = "libc++";
				CLANG_ENABLE_MODULES = YES;
				CLANG_ENABLE_OBJC_ARC = YES;
				CLANG_ENABLE_OBJC_WEAK = YES;
				CLANG_WARN_BLOCK_CAPTURE_AUTORELEASING = YES;
				CLANG_WARN_BOOL_CONVERSION = YES;
				CLANG_WARN_COMMA = YES;
				CLANG_WARN_CONSTANT_CONVERSION = YES;
				CLANG_WARN_DEPRECATED_OBJC_IMPLEMENTATIONS = YES;
				CLANG_WARN_DIRECT_OBJC_ISA_USAGE = YES_ERROR;
				CLANG_WARN_DOCUMENTATION_COMMENTS = YES;
				CLANG_WARN_EMPTY_BODY = YES;
				CLANG_WARN_ENUM_CONVERSION = YES;
				CLANG_WARN_INFINITE_RECURSION = YES;
				CLANG_WARN_INT_CONVERSION = YES;
				CLANG_WARN_NON_LITERAL_NULL_CONVERSION = YES;
				CLANG_WARN_OBJC_IMPLICIT_RETAIN_SELF = YES;
				CLANG_WARN_OBJC_LITERAL_CONVERSION = YES;
				CLANG_WARN_OBJC_ROOT_CLASS = YES_ERROR;
				CLANG_WARN_RANGE_LOOP_ANALYSIS = YES;
				CLANG_WARN_STRICT_PROTOTYPES = YES;
				CLANG_WARN_SUSPICIOUS_MOVE = YES;
				CLANG_WARN_UNGUARDED_AVAILABILITY = YES_AGGRESSIVE;
				CLANG_WARN_UNREACHABLE_CODE = YES;
				CLANG_WARN__DUPLICATE_METHOD_MATCH = YES;
				COPY_PHASE_STRIP = NO;
				DEBUG_INFORMATION_FORMAT = "dwarf-with-dsym";
				ENABLE_NS_ASSERTIONS = NO;
				ENABLE_STRICT_OBJC_MSGSEND = YES;
				GCC_C_LANGUAGE_STANDARD = gnu11;
				GCC_NO_COMMON_BLOCKS = YES;
				GCC_WARN_64_TO_32_BIT_CONVERSION = YES;
				GCC_WARN_ABOUT_RETURN_TYPE = YES_ERROR;
				GCC_WARN_UNDECLARED_SELECTOR = YES;
				GCC_WARN_UNINITIALIZED_AUTOS = YES_AGGRESSIVE;
				GCC_WARN_UNUSED_FUNCTION = YES;
				GCC_WARN_UNUSED_VARIABLE = YES;
				IPHONEOS_DEPLOYMENT_TARGET = 13.6;
				MTL_ENABLE_DEBUG_INFO = NO;
				MTL_FAST_MATH = YES;
				SDKROOT = iphoneos;
				VALIDATE_PRODUCT = YES;
			};
			name = Release;
		};
		CEEA443024D3EC86008E4375 /* Debug */ = {
			isa = XCBuildConfiguration;
			buildSettings = {
				ASSETCATALOG_COMPILER_APPICON_NAME = AppIcon;
				CODE_SIGN_STYLE = Automatic;
				DEVELOPMENT_TEAM = 42272S8D49;
				INFOPLIST_FILE = TableViewSelectExpand/Info.plist;
				LD_RUNPATH_SEARCH_PATHS = (
					"$(inherited)",
					"@executable_path/Frameworks",
				);
				PRODUCT_BUNDLE_IDENTIFIER = com.gclz.TableViewSelectExpand;
				PRODUCT_NAME = "$(TARGET_NAME)";
				TARGETED_DEVICE_FAMILY = "1,2";
			};
			name = Debug;
		};
		CEEA443124D3EC86008E4375 /* Release */ = {
			isa = XCBuildConfiguration;
			buildSettings = {
				ASSETCATALOG_COMPILER_APPICON_NAME = AppIcon;
				CODE_SIGN_STYLE = Automatic;
				DEVELOPMENT_TEAM = 42272S8D49;
				INFOPLIST_FILE = TableViewSelectExpand/Info.plist;
				LD_RUNPATH_SEARCH_PATHS = (
					"$(inherited)",
					"@executable_path/Frameworks",
				);
				PRODUCT_BUNDLE_IDENTIFIER = com.gclz.TableViewSelectExpand;
				PRODUCT_NAME = "$(TARGET_NAME)";
				TARGETED_DEVICE_FAMILY = "1,2";
			};
			name = Release;
		};
/* End XCBuildConfiguration section */

/* Begin XCConfigurationList section */
		CEEA441124D3EC81008E4375 /* Build configuration list for PBXProject "TableViewSelectExpand" */ = {
			isa = XCConfigurationList;
			buildConfigurations = (
				CEEA442D24D3EC86008E4375 /* Debug */,
				CEEA442E24D3EC86008E4375 /* Release */,
			);
			defaultConfigurationIsVisible = 0;
			defaultConfigurationName = Release;
		};
		CEEA442F24D3EC86008E4375 /* Build configuration list for PBXNativeTarget "TableViewSelectExpand" */ = {
			isa = XCConfigurationList;
			buildConfigurations = (
				CEEA443024D3EC86008E4375 /* Debug */,
				CEEA443124D3EC86008E4375 /* Release */,
			);
			defaultConfigurationIsVisible = 0;
			defaultConfigurationName = Release;
		};
/* End XCConfigurationList section */
	};
	rootObject = CEEA440E24D3EC81008E4375 /* Project object */;
}
